
Microsoft Visual Studio Solution File, Format Version 12.00
# Visual Studio Version 17
VisualStudioVersion = 17.8.34322.80
MinimumVisualStudioVersion = 10.0.40219.1
Project("{FAE04EC0-301F-11D3-BF4B-00C04F79EFBC}") = "TaskAppCase4", "TaskAppCase4.csproj", "{9202447E-ACF3-410F-8AB8-F717A79C554B}"
EndProject
Global
	GlobalSection(SolutionConfigurationPlatforms) = preSolution
		Debug|Any CPU = Debug|Any CPU
		Release|Any CPU = Release|Any CPU
	EndGlobalSection
	GlobalSection(ProjectConfigurationPlatforms) = postSolution
		{9202447E-ACF3-410F-8AB8-F717A79C554B}.Debug|Any CPU.ActiveCfg = Debug|Any CPU
		{9202447E-ACF3-410F-8AB8-F717A79C554B}.Debug|Any CPU.Build.0 = Debug|Any CPU
		{9202447E-ACF3-410F-8AB8-F717A79C554B}.Release|Any CPU.ActiveCfg = Release|Any CPU
		{9202447E-ACF3-410F-8AB8-F717A79C554B}.Release|Any CPU.Build.0 = Release|Any CPU
	EndGlobalSection
	GlobalSection(SolutionProperties) = preSolution
		HideSolutionNode = FALSE
	EndGlobalSection
	GlobalSection(ExtensibilityGlobals) = postSolution
		SolutionGuid = {9040A41A-2097-4FA2-96B8-420E943FD0C7}
	EndGlobalSection
EndGlobal
